// !$*UTF8*$!
{
	archiveVersion = 1;
	classes = {
	};
	objectVersion = 46;
	objects = {

/* Begin PBXBuildFile section */
		1411AB161F4C7E5A002A3F9C /* main.m in Sources */ = {isa = PBXBuildFile; fileRef = 1411AB151F4C7E5A002A3F9C /* main.m */; };
		1411AB191F4C7E5A002A3F9C /* AppDelegate.m in Sources */ = {isa = PBXBuildFile; fileRef = 1411AB181F4C7E5A002A3F9C /* AppDelegate.m */; };
		1411AB1C1F4C7E5A002A3F9C /* ViewController.m in Sources */ = {isa = PBXBuildFile; fileRef = 1411AB1B1F4C7E5A002A3F9C /* ViewController.m */; };
		1411AB1F1F4C7E5A002A3F9C /* Main.storyboard in Resources */ = {isa = PBXBuildFile; fileRef = 1411AB1D1F4C7E5A002A3F9C /* Main.storyboard */; };
		1411AB211F4C7E5A002A3F9C /* Assets.xcassets in Resources */ = {isa = PBXBuildFile; fileRef = 1411AB201F4C7E5A002A3F9C /* Assets.xcassets */; };
		1411AB241F4C7E5A002A3F9C /* LaunchScreen.storyboard in Resources */ = {isa = PBXBuildFile; fileRef = 1411AB221F4C7E5A002A3F9C /* LaunchScreen.storyboard */; };
		1411AB2E1F4C7E71002A3F9C /* SYFullScreenView.m in Sources */ = {isa = PBXBuildFile; fileRef = 1411AB2D1F4C7E71002A3F9C /* SYFullScreenView.m */; };
/* End PBXBuildFile section */

/* Begin PBXFileReference section */
		1411AB111F4C7E5A002A3F9C /* SYFullScreenViewExample.app */ = {isa = PBXFileReference; explicitFileType = wrapper.application; includeInIndex = 0; path = SYFullScreenViewExample.app; sourceTree = BUILT_PRODUCTS_DIR; };
		1411AB151F4C7E5A002A3F9C /* main.m */ = {isa = PBXFileReference; lastKnownFileType = sourcecode.c.objc; path = main.m; sourceTree = "<group>"; };
		1411AB171F4C7E5A002A3F9C /* AppDelegate.h */ = {isa = PBXFileReference; lastKnownFileType = sourcecode.c.h; path = AppDelegate.h; sourceTree = "<group>"; };
		1411AB181F4C7E5A002A3F9C /* AppDelegate.m */ = {isa = PBXFileReference; lastKnownFileType = sourcecode.c.objc; path = AppDelegate.m; sourceTree = "<group>"; };
		1411AB1A1F4C7E5A002A3F9C /* ViewController.h */ = {isa = PBXFileReference; lastKnownFileType = sourcecode.c.h; path = ViewController.h; sourceTree = "<group>"; };
		1411AB1B1F4C7E5A002A3F9C /* ViewController.m */ = {isa = PBXFileReference; lastKnownFileType = sourcecode.c.objc; path = ViewController.m; sourceTree = "<group>"; };
		1411AB1E1F4C7E5A002A3F9C /* Base */ = {isa = PBXFileReference; lastKnownFileType = file.storyboard; name = Base; path = Base.lproj/Main.storyboard; sourceTree = "<group>"; };
		1411AB201F4C7E5A002A3F9C /* Assets.xcassets */ = {isa = PBXFileReference; lastKnownFileType = folder.assetcatalog; path = Assets.xcassets; sourceTree = "<group>"; };
		1411AB231F4C7E5A002A3F9C /* Base */ = {isa = PBXFileReference; lastKnownFileType = file.storyboard; name = Base; path = Base.lproj/LaunchScreen.storyboard; sourceTree = "<group>"; };
		1411AB251F4C7E5A002A3F9C /* Info.plist */ = {isa = PBXFileReference; lastKnownFileType = text.plist.xml; path = Info.plist; sourceTree = "<group>"; };
		1411AB2C1F4C7E71002A3F9C /* SYFullScreenView.h */ = {isa = PBXFileReference; fileEncoding = 4; lastKnownFileType = sourcecode.c.h; path = SYFullScreenView.h; sourceTree = "<group>"; };
		1411AB2D1F4C7E71002A3F9C /* SYFullScreenView.m */ = {isa = PBXFileReference; fileEncoding = 4; lastKnownFileType = sourcecode.c.objc; path = SYFullScreenView.m; sourceTree = "<group>"; };
/* End PBXFileReference section */

/* Begin PBXFrameworksBuildPhase section */
		1411AB0E1F4C7E5A002A3F9C /* Frameworks */ = {
			isa = PBXFrameworksBuildPhase;
			buildActionMask = 2147483647;
			files = (
			);
			runOnlyForDeploymentPostprocessing = 0;
		};
/* End PBXFrameworksBuildPhase section */

/* Begin PBXGroup section */
		1411AB081F4C7E5A002A3F9C = {
			isa = PBXGroup;
			children = (
				1411AB2B1F4C7E71002A3F9C /* SYFullScreenView */,
				1411AB131F4C7E5A002A3F9C /* SYFullScreenViewExample */,
				1411AB121F4C7E5A002A3F9C /* Products */,
			);
			sourceTree = "<group>";
		};
		1411AB121F4C7E5A002A3F9C /* Products */ = {
			isa = PBXGroup;
			children = (
				1411AB111F4C7E5A002A3F9C /* SYFullScreenViewExample.app */,
			);
			name = Products;
			sourceTree = "<group>";
		};
		1411AB131F4C7E5A002A3F9C /* SYFullScreenViewExample */ = {
			isa = PBXGroup;
			children = (
				1411AB171F4C7E5A002A3F9C /* AppDelegate.h */,
				1411AB181F4C7E5A002A3F9C /* AppDelegate.m */,
				1411AB1A1F4C7E5A002A3F9C /* ViewController.h */,
				1411AB1B1F4C7E5A002A3F9C /* ViewController.m */,
				1411AB1D1F4C7E5A002A3F9C /* Main.storyboard */,
				1411AB201F4C7E5A002A3F9C /* Assets.xcassets */,
				1411AB221F4C7E5A002A3F9C /* LaunchScreen.storyboard */,
				1411AB251F4C7E5A002A3F9C /* Info.plist */,
				1411AB141F4C7E5A002A3F9C /* Supporting Files */,
			);
			path = SYFullScreenViewExample;
			sourceTree = "<group>";
		};
		1411AB141F4C7E5A002A3F9C /* Supporting Files */ = {
			isa = PBXGroup;
			children = (
				1411AB151F4C7E5A002A3F9C /* main.m */,
			);
			name = "Supporting Files";
			sourceTree = "<group>";
		};
		1411AB2B1F4C7E71002A3F9C /* SYFullScreenView */ = {
			isa = PBXGroup;
			children = (
				1411AB2C1F4C7E71002A3F9C /* SYFullScreenView.h */,
				1411AB2D1F4C7E71002A3F9C /* SYFullScreenView.m */,
			);
			path = SYFullScreenView;
			sourceTree = "<group>";
		};
/* End PBXGroup section */

/* Begin PBXNativeTarget section */
		1411AB101F4C7E5A002A3F9C /* SYFullScreenViewExample */ = {
			isa = PBXNativeTarget;
			buildConfigurationList = 1411AB281F4C7E5A002A3F9C /* Build configuration list for PBXNativeTarget "SYFullScreenViewExample" */;
			buildPhases = (
				1411AB0D1F4C7E5A002A3F9C /* Sources */,
				1411AB0E1F4C7E5A002A3F9C /* Frameworks */,
				1411AB0F1F4C7E5A002A3F9C /* Resources */,
			);
			buildRules = (
			);
			dependencies = (
			);
			name = SYFullScreenViewExample;
			productName = SYFullScreenViewExample;
			productReference = 1411AB111F4C7E5A002A3F9C /* SYFullScreenViewExample.app */;
			productType = "com.apple.product-type.application";
		};
/* End PBXNativeTarget section */

/* Begin PBXProject section */
		1411AB091F4C7E5A002A3F9C /* Project object */ = {
			isa = PBXProject;
			attributes = {
				LastUpgradeCheck = 0830;
				ORGANIZATIONNAME = shenyuanluo;
				TargetAttributes = {
					1411AB101F4C7E5A002A3F9C = {
						CreatedOnToolsVersion = 8.3.3;
						ProvisioningStyle = Automatic;
					};
				};
			};
			buildConfigurationList = 1411AB0C1F4C7E5A002A3F9C /* Build configuration list for PBXProject "SYFullScreenViewExample" */;
			compatibilityVersion = "Xcode 3.2";
			developmentRegion = English;
			hasScannedForEncodings = 0;
			knownRegions = (
				en,
				Base,
			);
			mainGroup = 1411AB081F4C7E5A002A3F9C;
			productRefGroup = 1411AB121F4C7E5A002A3F9C /* Products */;
			projectDirPath = "";
			projectRoot = "";
			targets = (
				1411AB101F4C7E5A002A3F9C /* SYFullScreenViewExample */,
			);
		};
/* End PBXProject section */

/* Begin PBXResourcesBuildPhase section */
		1411AB0F1F4C7E5A002A3F9C /* Resources */ = {
			isa = PBXResourcesBuildPhase;
			buildActionMask = 2147483647;
			files = (
				1411AB241F4C7E5A002A3F9C /* LaunchScreen.storyboard in Resources */,
				1411AB211F4C7E5A002A3F9C /* Assets.xcassets in Resources */,
				1411AB1F1F4C7E5A002A3F9C /* Main.storyboard in Resources */,
			);
			runOnlyForDeploymentPostprocessing = 0;
		};
/* End PBXResourcesBuildPhase section */

/* Begin PBXSourcesBuildPhase section */
		1411AB0D1F4C7E5A002A3F9C /* Sources */ = {
			isa = PBXSourcesBuildPhase;
			buildActionMask = 2147483647;
			files = (
				1411AB1C1F4C7E5A002A3F9C /* ViewController.m in Sources */,
				1411AB191F4C7E5A002A3F9C /* AppDelegate.m in Sources */,
				1411AB161F4C7E5A002A3F9C /* main.m in Sources */,
				1411AB2E1F4C7E71002A3F9C /* SYFullScreenView.m in Sources */,
			);
			runOnlyForDeploymentPostprocessing = 0;
		};
/* End PBXSourcesBuildPhase section */

/* Begin PBXVariantGroup section */
		1411AB1D1F4C7E5A002A3F9C /* Main.storyboard */ = {
			isa = PBXVariantGroup;
			children = (
				1411AB1E1F4C7E5A002A3F9C /* Base */,
			);
			name = Main.storyboard;
			sourceTree = "<group>";
		};
		1411AB221F4C7E5A002A3F9C /* LaunchScreen.storyboard */ = {
			isa = PBXVariantGroup;
			children = (
				1411AB231F4C7E5A002A3F9C /* Base */,
			);
			name = LaunchScreen.storyboard;
			sourceTree = "<group>";
		};
/* End PBXVariantGroup section */

/* Begin XCBuildConfiguration section */
		1411AB261F4C7E5A002A3F9C /* Debug */ = {
			isa = XCBuildConfiguration;
			buildSettings = {
				ALWAYS_SEARCH_USER_PATHS = NO;
				CLANG_ANALYZER_NONNULL = YES;
				CLANG_ANALYZER_NUMBER_OBJECT_CONVERSION = YES_AGGRESSIVE;
				CLANG_CXX_LANGUAGE_STANDARD = "gnu++0x";
				CLANG_CXX_LIBRARY = "libc++";
				CLANG_ENABLE_MODULES = YES;
				CLANG_ENABLE_OBJC_ARC = YES;
				CLANG_WARN_BOOL_CONVERSION = YES;
				CLANG_WARN_CONSTANT_CONVERSION = YES;
				CLANG_WARN_DIRECT_OBJC_ISA_USAGE = YES_ERROR;
				CLANG_WARN_DOCUMENTATION_COMMENTS = YES;
				CLANG_WARN_EMPTY_BODY = YES;
				CLANG_WARN_ENUM_CONVERSION = YES;
				CLANG_WARN_INFINITE_RECURSION = YES;
				CLANG_WARN_INT_CONVERSION = YES;
				CLANG_WARN_OBJC_ROOT_CLASS = YES_ERROR;
				CLANG_WARN_SUSPICIOUS_MOVE = YES;
				CLANG_WARN_UNREACHABLE_CODE = YES;
				CLANG_WARN__DUPLICATE_METHOD_MATCH = YES;
				"CODE_SIGN_IDENTITY[sdk=iphoneos*]" = "iPhone Developer";
				COPY_PHASE_STRIP = NO;
				DEBUG_INFORMATION_FORMAT = dwarf;
				ENABLE_STRICT_OBJC_MSGSEND = YES;
				ENABLE_TESTABILITY = YES;
				GCC_C_LANGUAGE_STANDARD = gnu99;
				GCC_DYNAMIC_NO_PIC = NO;
				GCC_NO_COMMON_BLOCKS = YES;
				GCC_OPTIMIZATION_LEVEL = 0;
				GCC_PREPROCESSOR_DEFINITIONS = (
					"DEBUG=1",
					"$(inherited)",
				);
				GCC_WARN_64_TO_32_BIT_CONVERSION = YES;
				GCC_WARN_ABOUT_RETURN_TYPE = YES_ERROR;
				GCC_WARN_UNDECLARED_SELECTOR = YES;
				GCC_WARN_UNINITIALIZED_AUTOS = YES_AGGRESSIVE;
				GCC_WARN_UNUSED_FUNCTION = YES;
				GCC_WARN_UNUSED_VARIABLE = YES;
				IPHONEOS_DEPLOYMENT_TARGET = 10.3;
				MTL_ENABLE_DEBUG_INFO = YES;
				ONLY_ACTIVE_ARCH = YES;
				SDKROOT = iphoneos;
				TARGETED_DEVICE_FAMILY = "1,2";
			};
			name = Debug;
		};
		1411AB271F4C7E5A002A3F9C /* Release */ = {
			isa = XCBuildConfiguration;
			buildSettings = {
				ALWAYS_SEARCH_USER_PATHS = NO;
				CLANG_ANALYZER_NONNULL = YES;
				CLANG_ANALYZER_NUMBER_OBJECT_CONVERSION = YES_AGGRESSIVE;
				CLANG_CXX_LANGUAGE_STANDARD = "gnu++0x";
				CLANG_CXX_LIBRARY = "libc++";
				CLANG_ENABLE_MODULES = YES;
				CLANG_ENABLE_OBJC_ARC = YES;
				CLANG_WARN_BOOL_CONVERSION = YES;
				CLANG_WARN_CONSTANT_CONVERSION = YES;
				CLANG_WARN_DIRECT_OBJC_ISA_USAGE = YES_ERROR;
				CLANG_WARN_DOCUMENTATION_COMMENTS = YES;
				CLANG_WARN_EMPTY_BODY = YES;
				CLANG_WARN_ENUM_CONVERSION = YES;
				CLANG_WARN_INFINITE_RECURSION = YES;
				CLANG_WARN_INT_CONVERSION = YES;
				CLANG_WARN_OBJC_ROOT_CLASS = YES_ERROR;
				CLANG_WARN_SUSPICIOUS_MOVE = YES;
				CLANG_WARN_UNREACHABLE_CODE = YES;
				CLANG_WARN__DUPLICATE_METHOD_MATCH = YES;
				"CODE_SIGN_IDENTITY[sdk=iphoneos*]" = "iPhone Developer";
				COPY_PHASE_STRIP = NO;
				DEBUG_INFORMATION_FORMAT = "dwarf-with-dsym";
				ENABLE_NS_ASSERTIONS = NO;
				ENABLE_STRICT_OBJC_MSGSEND = YES;
				GCC_C_LANGUAGE_STANDARD = gnu99;
				GCC_NO_COMMON_BLOCKS = YES;
				GCC_WARN_64_TO_32_BIT_CONVERSION = YES;
				GCC_WARN_ABOUT_RETURN_TYPE = YES_ERROR;
				GCC_WARN_UNDECLARED_SELECTOR = YES;
				GCC_WARN_UNINITIALIZED_AUTOS = YES_AGGRESSIVE;
				GCC_WARN_UNUSED_FUNCTION = YES;
				GCC_WARN_UNUSED_VARIABLE = YES;
				IPHONEOS_DEPLOYMENT_TARGET = 10.3;
				MTL_ENABLE_DEBUG_INFO = NO;
				SDKROOT = iphoneos;
				TARGETED_DEVICE_FAMILY = "1,2";
				VALIDATE_PRODUCT = YES;
			};
			name = Release;
		};
		1411AB291F4C7E5A002A3F9C /* Debug */ = {
			isa = XCBuildConfiguration;
			buildSettings = {
				ASSETCATALOG_COMPILER_APPICON_NAME = AppIcon;
				INFOPLIST_FILE = SYFullScreenViewExample/Info.plist;
				IPHONEOS_DEPLOYMENT_TARGET = 8.0;
				LD_RUNPATH_SEARCH_PATHS = "$(inherited) @executable_path/Frameworks";
				PRODUCT_BUNDLE_IDENTIFIER = blog.shenyuanluo.com.SYFullScreenViewExample;
				PRODUCT_NAME = "$(TARGET_NAME)";
			};
			name = Debug;
		};
		1411AB2A1F4C7E5A002A3F9C /* Release */ = {
			isa = XCBuildConfiguration;
			buildSettings = {
				ASSETCATALOG_COMPILER_APPICON_NAME = AppIcon;
				INFOPLIST_FILE = SYFullScreenViewExample/Info.plist;
				IPHONEOS_DEPLOYMENT_TARGET = 8.0;
				LD_RUNPATH_SEARCH_PATHS = "$(inherited) @executable_path/Frameworks";
				PRODUCT_BUNDLE_IDENTIFIER = blog.shenyuanluo.com.SYFullScreenViewExample;
				PRODUCT_NAME = "$(TARGET_NAME)";
			};
			name = Release;
		};
/* End XCBuildConfiguration section */

/* Begin XCConfigurationList section */
		1411AB0C1F4C7E5A002A3F9C /* Build configuration list for PBXProject "SYFullScreenViewExample" */ = {
			isa = XCConfigurationList;
			buildConfigurations = (
				1411AB261F4C7E5A002A3F9C /* Debug */,
				1411AB271F4C7E5A002A3F9C /* Release */,
			);
			defaultConfigurationIsVisible = 0;
			defaultConfigurationName = Release;
		};
		1411AB281F4C7E5A002A3F9C /* Build configuration list for PBXNativeTarget "SYFullScreenViewExample" */ = {
			isa = XCConfigurationList;
			buildConfigurations = (
				1411AB291F4C7E5A002A3F9C /* Debug */,
				1411AB2A1F4C7E5A002A3F9C /* Release */,
			);
			defaultConfigurationIsVisible = 0;
		};
/* End XCConfigurationList section */
	};
	rootObject = 1411AB091F4C7E5A002A3F9C /* Project object */;
}
